
Microsoft Visual Studio Solution File, Format Version 12.00
# Visual Studio Version 16
VisualStudioVersion = 16.0.31624.102
MinimumVisualStudioVersion = 10.0.40219.1
Project("{FAE04EC0-301F-11D3-BF4B-00C04F79EFBC}") = "ValorGuides", "ValorGuides.csproj", "{BC489D34-7419-491A-B3F5-0C9F20AD9F6E}"
EndProject
Global
	GlobalSection(SolutionConfigurationPlatforms) = preSolution
		Debug|Any CPU = Debug|Any CPU
		Release|Any CPU = Release|Any CPU
	EndGlobalSection
	GlobalSection(ProjectConfigurationPlatforms) = postSolution
		{BC489D34-7419-491A-B3F5-0C9F20AD9F6E}.Debug|Any CPU.ActiveCfg = Debug|Any CPU
		{BC489D34-7419-491A-B3F5-0C9F20AD9F6E}.Debug|Any CPU.Build.0 = Debug|Any CPU
		{BC489D34-7419-491A-B3F5-0C9F20AD9F6E}.Release|Any CPU.ActiveCfg = Release|Any CPU
		{BC489D34-7419-491A-B3F5-0C9F20AD9F6E}.Release|Any CPU.Build.0 = Release|Any CPU
	EndGlobalSection
	GlobalSection(SolutionProperties) = preSolution
		HideSolutionNode = FALSE
	EndGlobalSection
	GlobalSection(ExtensibilityGlobals) = postSolution
		SolutionGuid = {39967799-5A60-45CC-9EB7-A3BBD895922D}
	EndGlobalSection
EndGlobal
